
Microsoft Visual Studio Solution File, Format Version 12.00
# Visual Studio Version 16
VisualStudioVersion = 25.0.1706.1
MinimumVisualStudioVersion = 10.0.40219.1
Project("{FAE04EC0-301F-11D3-BF4B-00C04F79EFBC}") = "fav-choons-csharp", "fav-choons-csharp\fav-choons-csharp.csproj", "{6E32D70F-E3C1-42FA-9B29-5B281A8977BF}"
EndProject
Project("{FAE04EC0-301F-11D3-BF4B-00C04F79EFBC}") = "FavChoonsLibrary", "FavChoonsLibrary\FavChoonsLibrary.csproj", "{4AA4222A-30C8-4718-B19D-FC512DE6FC9C}"
EndProject
Project("{FAE04EC0-301F-11D3-BF4B-00C04F79EFBC}") = "FavChoonsTests", "FavChoonsTests\FavChoonsTests.csproj", "{0055509D-C321-4AD3-BA52-3DFC8C0DBAA8}"
EndProject
Global
	GlobalSection(SolutionConfigurationPlatforms) = preSolution
		Debug|Any CPU = Debug|Any CPU
		Release|Any CPU = Release|Any CPU
	EndGlobalSection
	GlobalSection(ProjectConfigurationPlatforms) = postSolution
		{6E32D70F-E3C1-42FA-9B29-5B281A8977BF}.Debug|Any CPU.ActiveCfg = Debug|Any CPU
		{6E32D70F-E3C1-42FA-9B29-5B281A8977BF}.Debug|Any CPU.Build.0 = Debug|Any CPU
		{6E32D70F-E3C1-42FA-9B29-5B281A8977BF}.Release|Any CPU.ActiveCfg = Release|Any CPU
		{6E32D70F-E3C1-42FA-9B29-5B281A8977BF}.Release|Any CPU.Build.0 = Release|Any CPU
		{4AA4222A-30C8-4718-B19D-FC512DE6FC9C}.Debug|Any CPU.ActiveCfg = Debug|Any CPU
		{4AA4222A-30C8-4718-B19D-FC512DE6FC9C}.Debug|Any CPU.Build.0 = Debug|Any CPU
		{4AA4222A-30C8-4718-B19D-FC512DE6FC9C}.Release|Any CPU.ActiveCfg = Release|Any CPU
		{4AA4222A-30C8-4718-B19D-FC512DE6FC9C}.Release|Any CPU.Build.0 = Release|Any CPU
		{0055509D-C321-4AD3-BA52-3DFC8C0DBAA8}.Debug|Any CPU.ActiveCfg = Debug|Any CPU
		{0055509D-C321-4AD3-BA52-3DFC8C0DBAA8}.Debug|Any CPU.Build.0 = Debug|Any CPU
		{0055509D-C321-4AD3-BA52-3DFC8C0DBAA8}.Release|Any CPU.ActiveCfg = Release|Any CPU
		{0055509D-C321-4AD3-BA52-3DFC8C0DBAA8}.Release|Any CPU.Build.0 = Release|Any CPU
	EndGlobalSection
	GlobalSection(SolutionProperties) = preSolution
		HideSolutionNode = FALSE
	EndGlobalSection
	GlobalSection(ExtensibilityGlobals) = postSolution
		SolutionGuid = {C3A53BD7-BAFF-4896-ADC4-C954E459FBDA}
	EndGlobalSection
EndGlobal
